// !$*UTF8*$!
{
	archiveVersion = 1;
	classes = {
	};
	objectVersion = 55;
	objects = {

/* Begin PBXBuildFile section */
		F11341C227EAB9FC00E3F9E9 /* NIO in Frameworks */ = {isa = PBXBuildFile; productRef = F11341C127EAB9FC00E3F9E9 /* NIO */; };
		F11341C427EAB9FC00E3F9E9 /* NIOConcurrencyHelpers in Frameworks */ = {isa = PBXBuildFile; productRef = F11341C327EAB9FC00E3F9E9 /* NIOConcurrencyHelpers */; };
		F11341C627EAB9FC00E3F9E9 /* NIOCore in Frameworks */ = {isa = PBXBuildFile; productRef = F11341C527EAB9FC00E3F9E9 /* NIOCore */; };
		F11341C827EAB9FC00E3F9E9 /* NIOEmbedded in Frameworks */ = {isa = PBXBuildFile; productRef = F11341C727EAB9FC00E3F9E9 /* NIOEmbedded */; };
		F11341CA27EAB9FC00E3F9E9 /* NIOFoundationCompat in Frameworks */ = {isa = PBXBuildFile; productRef = F11341C927EAB9FC00E3F9E9 /* NIOFoundationCompat */; };
		F11341CC27EAB9FC00E3F9E9 /* NIOHTTP1 in Frameworks */ = {isa = PBXBuildFile; productRef = F11341CB27EAB9FC00E3F9E9 /* NIOHTTP1 */; };
		F11341CE27EAB9FC00E3F9E9 /* NIOPosix in Frameworks */ = {isa = PBXBuildFile; productRef = F11341CD27EAB9FC00E3F9E9 /* NIOPosix */; };
		F11341D027EAB9FC00E3F9E9 /* NIOTLS in Frameworks */ = {isa = PBXBuildFile; productRef = F11341CF27EAB9FC00E3F9E9 /* NIOTLS */; };
		F11341D227EAB9FC00E3F9E9 /* NIOTestUtils in Frameworks */ = {isa = PBXBuildFile; productRef = F11341D127EAB9FC00E3F9E9 /* NIOTestUtils */; };
		F11341D427EAB9FC00E3F9E9 /* NIOWebSocket in Frameworks */ = {isa = PBXBuildFile; productRef = F11341D327EAB9FC00E3F9E9 /* NIOWebSocket */; };
		F11341D627EAB9FC00E3F9E9 /* _NIOConcurrency in Frameworks */ = {isa = PBXBuildFile; productRef = F11341D527EAB9FC00E3F9E9 /* _NIOConcurrency */; };
		F11341DB27EABA3C00E3F9E9 /* TCPClientHandler.swift in Sources */ = {isa = PBXBuildFile; fileRef = F11341DA27EABA3C00E3F9E9 /* TCPClientHandler.swift */; };
		F11341DD27EAC20F00E3F9E9 /* TCPClient.swift in Sources */ = {isa = PBXBuildFile; fileRef = F11341DC27EAC20F00E3F9E9 /* TCPClient.swift */; };
		F11341E027EAC6FC00E3F9E9 /* TCPClient.swift in Sources */ = {isa = PBXBuildFile; fileRef = F11341DC27EAC20F00E3F9E9 /* TCPClient.swift */; };
		F11341E227EAC6FC00E3F9E9 /* TCPClientHandler.swift in Sources */ = {isa = PBXBuildFile; fileRef = F11341DA27EABA3C00E3F9E9 /* TCPClientHandler.swift */; };
		F11341E527EAC7BA00E3F9E9 /* NIO in Frameworks */ = {isa = PBXBuildFile; productRef = F11341E427EAC7BA00E3F9E9 /* NIO */; };
		F158F39D27E8AAB900AA4404 /* GPUWindowApp.swift in Sources */ = {isa = PBXBuildFile; fileRef = F158F38D27E8AAB400AA4404 /* GPUWindowApp.swift */; };
		F158F39E27E8AAB900AA4404 /* GPUWindowApp.swift in Sources */ = {isa = PBXBuildFile; fileRef = F158F38D27E8AAB400AA4404 /* GPUWindowApp.swift */; };
		F158F39F27E8AAB900AA4404 /* ContentView.swift in Sources */ = {isa = PBXBuildFile; fileRef = F158F38E27E8AAB400AA4404 /* ContentView.swift */; };
		F158F3A027E8AAB900AA4404 /* ContentView.swift in Sources */ = {isa = PBXBuildFile; fileRef = F158F38E27E8AAB400AA4404 /* ContentView.swift */; };
		F158F3A127E8AAB900AA4404 /* Assets.xcassets in Resources */ = {isa = PBXBuildFile; fileRef = F158F38F27E8AAB900AA4404 /* Assets.xcassets */; };
		F158F3A227E8AAB900AA4404 /* Assets.xcassets in Resources */ = {isa = PBXBuildFile; fileRef = F158F38F27E8AAB900AA4404 /* Assets.xcassets */; };
		F1C62CCE27EAC8850005CAB5 /* NIO in Frameworks */ = {isa = PBXBuildFile; productRef = F1C62CCD27EAC8850005CAB5 /* NIO */; };
		F1C62CD027EAC8850005CAB5 /* NIOConcurrencyHelpers in Frameworks */ = {isa = PBXBuildFile; productRef = F1C62CCF27EAC8850005CAB5 /* NIOConcurrencyHelpers */; };
		F1C62CD227EAC8850005CAB5 /* NIOCore in Frameworks */ = {isa = PBXBuildFile; productRef = F1C62CD127EAC8850005CAB5 /* NIOCore */; };
		F1C62CD427EAC8850005CAB5 /* NIOEmbedded in Frameworks */ = {isa = PBXBuildFile; productRef = F1C62CD327EAC8850005CAB5 /* NIOEmbedded */; };
		F1C62CD627EAC8850005CAB5 /* NIOFoundationCompat in Frameworks */ = {isa = PBXBuildFile; productRef = F1C62CD527EAC8850005CAB5 /* NIOFoundationCompat */; };
		F1C62CD827EAC8850005CAB5 /* NIOHTTP1 in Frameworks */ = {isa = PBXBuildFile; productRef = F1C62CD727EAC8850005CAB5 /* NIOHTTP1 */; };
		F1C62CDA27EAC8850005CAB5 /* NIOPosix in Frameworks */ = {isa = PBXBuildFile; productRef = F1C62CD927EAC8850005CAB5 /* NIOPosix */; };
		F1C62CDC27EAC8850005CAB5 /* NIOTLS in Frameworks */ = {isa = PBXBuildFile; productRef = F1C62CDB27EAC8850005CAB5 /* NIOTLS */; };
		F1C62CDE27EAC8850005CAB5 /* NIOTestUtils in Frameworks */ = {isa = PBXBuildFile; productRef = F1C62CDD27EAC8850005CAB5 /* NIOTestUtils */; };
		F1C62CE027EAC8850005CAB5 /* NIOWebSocket in Frameworks */ = {isa = PBXBuildFile; productRef = F1C62CDF27EAC8850005CAB5 /* NIOWebSocket */; };
		F1C62CE227EAC8850005CAB5 /* _NIOConcurrency in Frameworks */ = {isa = PBXBuildFile; productRef = F1C62CE127EAC8850005CAB5 /* _NIOConcurrency */; };
/* End PBXBuildFile section */

/* Begin PBXFileReference section */
		F11341DA27EABA3C00E3F9E9 /* TCPClientHandler.swift */ = {isa = PBXFileReference; lastKnownFileType = sourcecode.swift; path = TCPClientHandler.swift; sourceTree = "<group>"; };
		F11341DC27EAC20F00E3F9E9 /* TCPClient.swift */ = {isa = PBXFileReference; lastKnownFileType = sourcecode.swift; path = TCPClient.swift; sourceTree = "<group>"; };
		F158F38D27E8AAB400AA4404 /* GPUWindowApp.swift */ = {isa = PBXFileReference; lastKnownFileType = sourcecode.swift; path = GPUWindowApp.swift; sourceTree = "<group>"; };
		F158F38E27E8AAB400AA4404 /* ContentView.swift */ = {isa = PBXFileReference; lastKnownFileType = sourcecode.swift; path = ContentView.swift; sourceTree = "<group>"; };
		F158F38F27E8AAB900AA4404 /* Assets.xcassets */ = {isa = PBXFileReference; lastKnownFileType = folder.assetcatalog; path = Assets.xcassets; sourceTree = "<group>"; };
		F158F39427E8AAB900AA4404 /* GPUWindow.app */ = {isa = PBXFileReference; explicitFileType = wrapper.application; includeInIndex = 0; path = GPUWindow.app; sourceTree = BUILT_PRODUCTS_DIR; };
		F158F39A27E8AAB900AA4404 /* GPUWindow.app */ = {isa = PBXFileReference; explicitFileType = wrapper.application; includeInIndex = 0; path = GPUWindow.app; sourceTree = BUILT_PRODUCTS_DIR; };
		F158F39C27E8AAB900AA4404 /* macOS.entitlements */ = {isa = PBXFileReference; lastKnownFileType = text.plist.entitlements; path = macOS.entitlements; sourceTree = "<group>"; };
/* End PBXFileReference section */

/* Begin PBXFrameworksBuildPhase section */
		F158F39127E8AAB900AA4404 /* Frameworks */ = {
			isa = PBXFrameworksBuildPhase;
			buildActionMask = 2147483647;
			files = (
				F1C62CCE27EAC8850005CAB5 /* NIO in Frameworks */,
				F11341C627EAB9FC00E3F9E9 /* NIOCore in Frameworks */,
				F11341CA27EAB9FC00E3F9E9 /* NIOFoundationCompat in Frameworks */,
				F1C62CD627EAC8850005CAB5 /* NIOFoundationCompat in Frameworks */,
				F11341D627EAB9FC00E3F9E9 /* _NIOConcurrency in Frameworks */,
				F1C62CDE27EAC8850005CAB5 /* NIOTestUtils in Frameworks */,
				F11341D227EAB9FC00E3F9E9 /* NIOTestUtils in Frameworks */,
				F11341CE27EAB9FC00E3F9E9 /* NIOPosix in Frameworks */,
				F11341C227EAB9FC00E3F9E9 /* NIO in Frameworks */,
				F1C62CE027EAC8850005CAB5 /* NIOWebSocket in Frameworks */,
				F11341D427EAB9FC00E3F9E9 /* NIOWebSocket in Frameworks */,
				F11341CC27EAB9FC00E3F9E9 /* NIOHTTP1 in Frameworks */,
				F1C62CD227EAC8850005CAB5 /* NIOCore in Frameworks */,
				F1C62CDA27EAC8850005CAB5 /* NIOPosix in Frameworks */,
				F11341C427EAB9FC00E3F9E9 /* NIOConcurrencyHelpers in Frameworks */,
				F1C62CD427EAC8850005CAB5 /* NIOEmbedded in Frameworks */,
				F11341E527EAC7BA00E3F9E9 /* NIO in Frameworks */,
				F1C62CDC27EAC8850005CAB5 /* NIOTLS in Frameworks */,
				F1C62CD027EAC8850005CAB5 /* NIOConcurrencyHelpers in Frameworks */,
				F1C62CD827EAC8850005CAB5 /* NIOHTTP1 in Frameworks */,
				F1C62CE227EAC8850005CAB5 /* _NIOConcurrency in Frameworks */,
				F11341C827EAB9FC00E3F9E9 /* NIOEmbedded in Frameworks */,
				F11341D027EAB9FC00E3F9E9 /* NIOTLS in Frameworks */,
			);
			runOnlyForDeploymentPostprocessing = 0;
		};
		F158F39727E8AAB900AA4404 /* Frameworks */ = {
			isa = PBXFrameworksBuildPhase;
			buildActionMask = 2147483647;
			files = (
			);
			runOnlyForDeploymentPostprocessing = 0;
		};
/* End PBXFrameworksBuildPhase section */

/* Begin PBXGroup section */
		F11341D727EABA0B00E3F9E9 /* utils */ = {
			isa = PBXGroup;
			children = (
				F11341DA27EABA3C00E3F9E9 /* TCPClientHandler.swift */,
				F11341DC27EAC20F00E3F9E9 /* TCPClient.swift */,
			);
			path = utils;
			sourceTree = "<group>";
		};
		F158F38727E8AAB300AA4404 = {
			isa = PBXGroup;
			children = (
				F158F38C27E8AAB400AA4404 /* Shared */,
				F158F39B27E8AAB900AA4404 /* macOS */,
				F158F39527E8AAB900AA4404 /* Products */,
			);
			sourceTree = "<group>";
		};
		F158F38C27E8AAB400AA4404 /* Shared */ = {
			isa = PBXGroup;
			children = (
				F11341D727EABA0B00E3F9E9 /* utils */,
				F158F38D27E8AAB400AA4404 /* GPUWindowApp.swift */,
				F158F38E27E8AAB400AA4404 /* ContentView.swift */,
				F158F38F27E8AAB900AA4404 /* Assets.xcassets */,
			);
			path = Shared;
			sourceTree = "<group>";
		};
		F158F39527E8AAB900AA4404 /* Products */ = {
			isa = PBXGroup;
			children = (
				F158F39427E8AAB900AA4404 /* GPUWindow.app */,
				F158F39A27E8AAB900AA4404 /* GPUWindow.app */,
			);
			name = Products;
			sourceTree = "<group>";
		};
		F158F39B27E8AAB900AA4404 /* macOS */ = {
			isa = PBXGroup;
			children = (
				F158F39C27E8AAB900AA4404 /* macOS.entitlements */,
			);
			path = macOS;
			sourceTree = "<group>";
		};
/* End PBXGroup section */

/* Begin PBXNativeTarget section */
		F158F39327E8AAB900AA4404 /* GPUWindow (iOS) */ = {
			isa = PBXNativeTarget;
			buildConfigurationList = F158F3A527E8AAB900AA4404 /* Build configuration list for PBXNativeTarget "GPUWindow (iOS)" */;
			buildPhases = (
				F158F39027E8AAB900AA4404 /* Sources */,
				F158F39127E8AAB900AA4404 /* Frameworks */,
				F158F39227E8AAB900AA4404 /* Resources */,
			);
			buildRules = (
			);
			dependencies = (
			);
			name = "GPUWindow (iOS)";
			packageProductDependencies = (
				F11341C127EAB9FC00E3F9E9 /* NIO */,
				F11341C327EAB9FC00E3F9E9 /* NIOConcurrencyHelpers */,
				F11341C527EAB9FC00E3F9E9 /* NIOCore */,
				F11341C727EAB9FC00E3F9E9 /* NIOEmbedded */,
				F11341C927EAB9FC00E3F9E9 /* NIOFoundationCompat */,
				F11341CB27EAB9FC00E3F9E9 /* NIOHTTP1 */,
				F11341CD27EAB9FC00E3F9E9 /* NIOPosix */,
				F11341CF27EAB9FC00E3F9E9 /* NIOTLS */,
				F11341D127EAB9FC00E3F9E9 /* NIOTestUtils */,
				F11341D327EAB9FC00E3F9E9 /* NIOWebSocket */,
				F11341D527EAB9FC00E3F9E9 /* _NIOConcurrency */,
				F11341E427EAC7BA00E3F9E9 /* NIO */,
				F1C62CCD27EAC8850005CAB5 /* NIO */,
				F1C62CCF27EAC8850005CAB5 /* NIOConcurrencyHelpers */,
				F1C62CD127EAC8850005CAB5 /* NIOCore */,
				F1C62CD327EAC8850005CAB5 /* NIOEmbedded */,
				F1C62CD527EAC8850005CAB5 /* NIOFoundationCompat */,
				F1C62CD727EAC8850005CAB5 /* NIOHTTP1 */,
				F1C62CD927EAC8850005CAB5 /* NIOPosix */,
				F1C62CDB27EAC8850005CAB5 /* NIOTLS */,
				F1C62CDD27EAC8850005CAB5 /* NIOTestUtils */,
				F1C62CDF27EAC8850005CAB5 /* NIOWebSocket */,
				F1C62CE127EAC8850005CAB5 /* _NIOConcurrency */,
			);
			productName = "GPUWindow (iOS)";
			productReference = F158F39427E8AAB900AA4404 /* GPUWindow.app */;
			productType = "com.apple.product-type.application";
		};
		F158F39927E8AAB900AA4404 /* GPUWindow (macOS) */ = {
			isa = PBXNativeTarget;
			buildConfigurationList = F158F3A827E8AAB900AA4404 /* Build configuration list for PBXNativeTarget "GPUWindow (macOS)" */;
			buildPhases = (
				F158F39627E8AAB900AA4404 /* Sources */,
				F158F39727E8AAB900AA4404 /* Frameworks */,
				F158F39827E8AAB900AA4404 /* Resources */,
			);
			buildRules = (
			);
			dependencies = (
				F1C62CE427EAC8B10005CAB5 /* PBXTargetDependency */,
			);
			name = "GPUWindow (macOS)";
			productName = "GPUWindow (macOS)";
			productReference = F158F39A27E8AAB900AA4404 /* GPUWindow.app */;
			productType = "com.apple.product-type.application";
		};
/* End PBXNativeTarget section */

/* Begin PBXProject section */
		F158F38827E8AAB300AA4404 /* Project object */ = {
			isa = PBXProject;
			attributes = {
				BuildIndependentTargetsInParallel = 1;
				LastSwiftUpdateCheck = 1330;
				LastUpgradeCheck = 1330;
				TargetAttributes = {
					F158F39327E8AAB900AA4404 = {
						CreatedOnToolsVersion = 13.3;
					};
					F158F39927E8AAB900AA4404 = {
						CreatedOnToolsVersion = 13.3;
					};
				};
			};
			buildConfigurationList = F158F38B27E8AAB400AA4404 /* Build configuration list for PBXProject "GPUWindow" */;
			compatibilityVersion = "Xcode 13.0";
			developmentRegion = en;
			hasScannedForEncodings = 0;
			knownRegions = (
				en,
				Base,
			);
			mainGroup = F158F38727E8AAB300AA4404;
			packageReferences = (
				F11341C027EAB9FC00E3F9E9 /* XCRemoteSwiftPackageReference "swift-nio" */,
			);
			productRefGroup = F158F39527E8AAB900AA4404 /* Products */;
			projectDirPath = "";
			projectRoot = "";
			targets = (
				F158F39327E8AAB900AA4404 /* GPUWindow (iOS) */,
				F158F39927E8AAB900AA4404 /* GPUWindow (macOS) */,
			);
		};
/* End PBXProject section */

/* Begin PBXResourcesBuildPhase section */
		F158F39227E8AAB900AA4404 /* Resources */ = {
			isa = PBXResourcesBuildPhase;
			buildActionMask = 2147483647;
			files = (
				F158F3A127E8AAB900AA4404 /* Assets.xcassets in Resources */,
			);
			runOnlyForDeploymentPostprocessing = 0;
		};
		F158F39827E8AAB900AA4404 /* Resources */ = {
			isa = PBXResourcesBuildPhase;
			buildActionMask = 2147483647;
			files = (
				F158F3A227E8AAB900AA4404 /* Assets.xcassets in Resources */,
			);
			runOnlyForDeploymentPostprocessing = 0;
		};
/* End PBXResourcesBuildPhase section */

/* Begin PBXSourcesBuildPhase section */
		F158F39027E8AAB900AA4404 /* Sources */ = {
			isa = PBXSourcesBuildPhase;
			buildActionMask = 2147483647;
			files = (
				F11341DD27EAC20F00E3F9E9 /* TCPClient.swift in Sources */,
				F158F39F27E8AAB900AA4404 /* ContentView.swift in Sources */,
				F158F39D27E8AAB900AA4404 /* GPUWindowApp.swift in Sources */,
				F11341DB27EABA3C00E3F9E9 /* TCPClientHandler.swift in Sources */,
			);
			runOnlyForDeploymentPostprocessing = 0;
		};
		F158F39627E8AAB900AA4404 /* Sources */ = {
			isa = PBXSourcesBuildPhase;
			buildActionMask = 2147483647;
			files = (
				F158F3A027E8AAB900AA4404 /* ContentView.swift in Sources */,
				F158F39E27E8AAB900AA4404 /* GPUWindowApp.swift in Sources */,
				F11341E027EAC6FC00E3F9E9 /* TCPClient.swift in Sources */,
				F11341E227EAC6FC00E3F9E9 /* TCPClientHandler.swift in Sources */,
			);
			runOnlyForDeploymentPostprocessing = 0;
		};
/* End PBXSourcesBuildPhase section */

/* Begin PBXTargetDependency section */
		F1C62CE427EAC8B10005CAB5 /* PBXTargetDependency */ = {
			isa = PBXTargetDependency;
			productRef = F1C62CE327EAC8B10005CAB5 /* NIO */;
		};
/* End PBXTargetDependency section */

/* Begin XCBuildConfiguration section */
		F158F3A327E8AAB900AA4404 /* Debug */ = {
			isa = XCBuildConfiguration;
			buildSettings = {
				ALWAYS_SEARCH_USER_PATHS = NO;
				CLANG_ANALYZER_NONNULL = YES;
				CLANG_ANALYZER_NUMBER_OBJECT_CONVERSION = YES_AGGRESSIVE;
				CLANG_CXX_LANGUAGE_STANDARD = "gnu++17";
				CLANG_ENABLE_MODULES = YES;
				CLANG_ENABLE_OBJC_ARC = YES;
				CLANG_ENABLE_OBJC_WEAK = YES;
				CLANG_WARN_BLOCK_CAPTURE_AUTORELEASING = YES;
				CLANG_WARN_BOOL_CONVERSION = YES;
				CLANG_WARN_COMMA = YES;
				CLANG_WARN_CONSTANT_CONVERSION = YES;
				CLANG_WARN_DEPRECATED_OBJC_IMPLEMENTATIONS = YES;
				CLANG_WARN_DIRECT_OBJC_ISA_USAGE = YES_ERROR;
				CLANG_WARN_DOCUMENTATION_COMMENTS = YES;
				CLANG_WARN_EMPTY_BODY = YES;
				CLANG_WARN_ENUM_CONVERSION = YES;
				CLANG_WARN_INFINITE_RECURSION = YES;
				CLANG_WARN_INT_CONVERSION = YES;
				CLANG_WARN_NON_LITERAL_NULL_CONVERSION = YES;
				CLANG_WARN_OBJC_IMPLICIT_RETAIN_SELF = YES;
				CLANG_WARN_OBJC_LITERAL_CONVERSION = YES;
				CLANG_WARN_OBJC_ROOT_CLASS = YES_ERROR;
				CLANG_WARN_QUOTED_INCLUDE_IN_FRAMEWORK_HEADER = YES;
				CLANG_WARN_RANGE_LOOP_ANALYSIS = YES;
				CLANG_WARN_STRICT_PROTOTYPES = YES;
				CLANG_WARN_SUSPICIOUS_MOVE = YES;
				CLANG_WARN_UNGUARDED_AVAILABILITY = YES_AGGRESSIVE;
				CLANG_WARN_UNREACHABLE_CODE = YES;
				CLANG_WARN__DUPLICATE_METHOD_MATCH = YES;
				COPY_PHASE_STRIP = NO;
				DEBUG_INFORMATION_FORMAT = dwarf;
				ENABLE_STRICT_OBJC_MSGSEND = YES;
				ENABLE_TESTABILITY = YES;
				GCC_C_LANGUAGE_STANDARD = gnu11;
				GCC_DYNAMIC_NO_PIC = NO;
				GCC_NO_COMMON_BLOCKS = YES;
				GCC_OPTIMIZATION_LEVEL = 0;
				GCC_PREPROCESSOR_DEFINITIONS = (
					"DEBUG=1",
					"$(inherited)",
				);
				GCC_WARN_64_TO_32_BIT_CONVERSION = YES;
				GCC_WARN_ABOUT_RETURN_TYPE = YES_ERROR;
				GCC_WARN_UNDECLARED_SELECTOR = YES;
				GCC_WARN_UNINITIALIZED_AUTOS = YES_AGGRESSIVE;
				GCC_WARN_UNUSED_FUNCTION = YES;
				GCC_WARN_UNUSED_VARIABLE = YES;
				MTL_ENABLE_DEBUG_INFO = INCLUDE_SOURCE;
				MTL_FAST_MATH = YES;
				ONLY_ACTIVE_ARCH = YES;
				SWIFT_ACTIVE_COMPILATION_CONDITIONS = DEBUG;
				SWIFT_OPTIMIZATION_LEVEL = "-Onone";
			};
			name = Debug;
		};
		F158F3A427E8AAB900AA4404 /* Release */ = {
			isa = XCBuildConfiguration;
			buildSettings = {
				ALWAYS_SEARCH_USER_PATHS = NO;
				CLANG_ANALYZER_NONNULL = YES;
				CLANG_ANALYZER_NUMBER_OBJECT_CONVERSION = YES_AGGRESSIVE;
				CLANG_CXX_LANGUAGE_STANDARD = "gnu++17";
				CLANG_ENABLE_MODULES = YES;
				CLANG_ENABLE_OBJC_ARC = YES;
				CLANG_ENABLE_OBJC_WEAK = YES;
				CLANG_WARN_BLOCK_CAPTURE_AUTORELEASING = YES;
				CLANG_WARN_BOOL_CONVERSION = YES;
				CLANG_WARN_COMMA = YES;
				CLANG_WARN_CONSTANT_CONVERSION = YES;
				CLANG_WARN_DEPRECATED_OBJC_IMPLEMENTATIONS = YES;
				CLANG_WARN_DIRECT_OBJC_ISA_USAGE = YES_ERROR;
				CLANG_WARN_DOCUMENTATION_COMMENTS = YES;
				CLANG_WARN_EMPTY_BODY = YES;
				CLANG_WARN_ENUM_CONVERSION = YES;
				CLANG_WARN_INFINITE_RECURSION = YES;
				CLANG_WARN_INT_CONVERSION = YES;
				CLANG_WARN_NON_LITERAL_NULL_CONVERSION = YES;
				CLANG_WARN_OBJC_IMPLICIT_RETAIN_SELF = YES;
				CLANG_WARN_OBJC_LITERAL_CONVERSION = YES;
				CLANG_WARN_OBJC_ROOT_CLASS = YES_ERROR;
				CLANG_WARN_QUOTED_INCLUDE_IN_FRAMEWORK_HEADER = YES;
				CLANG_WARN_RANGE_LOOP_ANALYSIS = YES;
				CLANG_WARN_STRICT_PROTOTYPES = YES;
				CLANG_WARN_SUSPICIOUS_MOVE = YES;
				CLANG_WARN_UNGUARDED_AVAILABILITY = YES_AGGRESSIVE;
				CLANG_WARN_UNREACHABLE_CODE = YES;
				CLANG_WARN__DUPLICATE_METHOD_MATCH = YES;
				COPY_PHASE_STRIP = NO;
				DEBUG_INFORMATION_FORMAT = "dwarf-with-dsym";
				ENABLE_NS_ASSERTIONS = NO;
				ENABLE_STRICT_OBJC_MSGSEND = YES;
				GCC_C_LANGUAGE_STANDARD = gnu11;
				GCC_NO_COMMON_BLOCKS = YES;
				GCC_WARN_64_TO_32_BIT_CONVERSION = YES;
				GCC_WARN_ABOUT_RETURN_TYPE = YES_ERROR;
				GCC_WARN_UNDECLARED_SELECTOR = YES;
				GCC_WARN_UNINITIALIZED_AUTOS = YES_AGGRESSIVE;
				GCC_WARN_UNUSED_FUNCTION = YES;
				GCC_WARN_UNUSED_VARIABLE = YES;
				MTL_ENABLE_DEBUG_INFO = NO;
				MTL_FAST_MATH = YES;
				SWIFT_COMPILATION_MODE = wholemodule;
				SWIFT_OPTIMIZATION_LEVEL = "-O";
			};
			name = Release;
		};
		F158F3A627E8AAB900AA4404 /* Debug */ = {
			isa = XCBuildConfiguration;
			buildSettings = {
				ASSETCATALOG_COMPILER_APPICON_NAME = AppIcon;
				ASSETCATALOG_COMPILER_GLOBAL_ACCENT_COLOR_NAME = AccentColor;
				CODE_SIGN_STYLE = Automatic;
				CURRENT_PROJECT_VERSION = 1;
				DEVELOPMENT_TEAM = 8AM3K89UQM;
				ENABLE_PREVIEWS = YES;
				GENERATE_INFOPLIST_FILE = YES;
				INFOPLIST_KEY_UIApplicationSceneManifest_Generation = YES;
				INFOPLIST_KEY_UIApplicationSupportsIndirectInputEvents = YES;
				INFOPLIST_KEY_UILaunchScreen_Generation = YES;
				INFOPLIST_KEY_UISupportedInterfaceOrientations_iPad = "UIInterfaceOrientationPortrait UIInterfaceOrientationPortraitUpsideDown UIInterfaceOrientationLandscapeLeft UIInterfaceOrientationLandscapeRight";
				INFOPLIST_KEY_UISupportedInterfaceOrientations_iPhone = "UIInterfaceOrientationPortrait UIInterfaceOrientationLandscapeLeft UIInterfaceOrientationLandscapeRight";
				IPHONEOS_DEPLOYMENT_TARGET = 15.4;
				LD_RUNPATH_SEARCH_PATHS = (
					"$(inherited)",
					"@executable_path/Frameworks",
				);
				MARKETING_VERSION = 1.0;
				PRODUCT_BUNDLE_IDENTIFIER = Jooc.GPUWindow;
				PRODUCT_NAME = GPUWindow;
				SDKROOT = iphoneos;
				SWIFT_EMIT_LOC_STRINGS = YES;
				SWIFT_VERSION = 5.0;
				TARGETED_DEVICE_FAMILY = "1,2";
			};
			name = Debug;
		};
		F158F3A727E8AAB900AA4404 /* Release */ = {
			isa = XCBuildConfiguration;
			buildSettings = {
				ASSETCATALOG_COMPILER_APPICON_NAME = AppIcon;
				ASSETCATALOG_COMPILER_GLOBAL_ACCENT_COLOR_NAME = AccentColor;
				CODE_SIGN_STYLE = Automatic;
				CURRENT_PROJECT_VERSION = 1;
				DEVELOPMENT_TEAM = 8AM3K89UQM;
				ENABLE_PREVIEWS = YES;
				GENERATE_INFOPLIST_FILE = YES;
				INFOPLIST_KEY_UIApplicationSceneManifest_Generation = YES;
				INFOPLIST_KEY_UIApplicationSupportsIndirectInputEvents = YES;
				INFOPLIST_KEY_UILaunchScreen_Generation = YES;
				INFOPLIST_KEY_UISupportedInterfaceOrientations_iPad = "UIInterfaceOrientationPortrait UIInterfaceOrientationPortraitUpsideDown UIInterfaceOrientationLandscapeLeft UIInterfaceOrientationLandscapeRight";
				INFOPLIST_KEY_UISupportedInterfaceOrientations_iPhone = "UIInterfaceOrientationPortrait UIInterfaceOrientationLandscapeLeft UIInterfaceOrientationLandscapeRight";
				IPHONEOS_DEPLOYMENT_TARGET = 15.4;
				LD_RUNPATH_SEARCH_PATHS = (
					"$(inherited)",
					"@executable_path/Frameworks",
				);
				MARKETING_VERSION = 1.0;
				PRODUCT_BUNDLE_IDENTIFIER = Jooc.GPUWindow;
				PRODUCT_NAME = GPUWindow;
				SDKROOT = iphoneos;
				SWIFT_EMIT_LOC_STRINGS = YES;
				SWIFT_VERSION = 5.0;
				TARGETED_DEVICE_FAMILY = "1,2";
				VALIDATE_PRODUCT = YES;
			};
			name = Release;
		};
		F158F3A927E8AAB900AA4404 /* Debug */ = {
			isa = XCBuildConfiguration;
			buildSettings = {
				ASSETCATALOG_COMPILER_APPICON_NAME = AppIcon;
				ASSETCATALOG_COMPILER_GLOBAL_ACCENT_COLOR_NAME = AccentColor;
				CODE_SIGN_ENTITLEMENTS = macOS/macOS.entitlements;
				CODE_SIGN_STYLE = Automatic;
				COMBINE_HIDPI_IMAGES = YES;
				CURRENT_PROJECT_VERSION = 1;
				DEVELOPMENT_TEAM = 8AM3K89UQM;
				ENABLE_HARDENED_RUNTIME = YES;
				ENABLE_PREVIEWS = YES;
				GENERATE_INFOPLIST_FILE = YES;
				INFOPLIST_KEY_NSHumanReadableCopyright = "";
				LD_RUNPATH_SEARCH_PATHS = (
					"$(inherited)",
					"@executable_path/../Frameworks",
				);
				MACOSX_DEPLOYMENT_TARGET = 12.2;
				MARKETING_VERSION = 1.0;
				PRODUCT_BUNDLE_IDENTIFIER = Jooc.GPUWindow;
				PRODUCT_NAME = GPUWindow;
				SDKROOT = macosx;
				SWIFT_EMIT_LOC_STRINGS = YES;
				SWIFT_VERSION = 5.0;
			};
			name = Debug;
		};
		F158F3AA27E8AAB900AA4404 /* Release */ = {
			isa = XCBuildConfiguration;
			buildSettings = {
				ASSETCATALOG_COMPILER_APPICON_NAME = AppIcon;
				ASSETCATALOG_COMPILER_GLOBAL_ACCENT_COLOR_NAME = AccentColor;
				CODE_SIGN_ENTITLEMENTS = macOS/macOS.entitlements;
				CODE_SIGN_STYLE = Automatic;
				COMBINE_HIDPI_IMAGES = YES;
				CURRENT_PROJECT_VERSION = 1;
				DEVELOPMENT_TEAM = 8AM3K89UQM;
				ENABLE_HARDENED_RUNTIME = YES;
				ENABLE_PREVIEWS = YES;
				GENERATE_INFOPLIST_FILE = YES;
				INFOPLIST_KEY_NSHumanReadableCopyright = "";
				LD_RUNPATH_SEARCH_PATHS = (
					"$(inherited)",
					"@executable_path/../Frameworks",
				);
				MACOSX_DEPLOYMENT_TARGET = 12.2;
				MARKETING_VERSION = 1.0;
				PRODUCT_BUNDLE_IDENTIFIER = Jooc.GPUWindow;
				PRODUCT_NAME = GPUWindow;
				SDKROOT = macosx;
				SWIFT_EMIT_LOC_STRINGS = YES;
				SWIFT_VERSION = 5.0;
			};
			name = Release;
		};
/* End XCBuildConfiguration section */

/* Begin XCConfigurationList section */
		F158F38B27E8AAB400AA4404 /* Build configuration list for PBXProject "GPUWindow" */ = {
			isa = XCConfigurationList;
			buildConfigurations = (
				F158F3A327E8AAB900AA4404 /* Debug */,
				F158F3A427E8AAB900AA4404 /* Release */,
			);
			defaultConfigurationIsVisible = 0;
			defaultConfigurationName = Release;
		};
		F158F3A527E8AAB900AA4404 /* Build configuration list for PBXNativeTarget "GPUWindow (iOS)" */ = {
			isa = XCConfigurationList;
			buildConfigurations = (
				F158F3A627E8AAB900AA4404 /* Debug */,
				F158F3A727E8AAB900AA4404 /* Release */,
			);
			defaultConfigurationIsVisible = 0;
			defaultConfigurationName = Release;
		};
		F158F3A827E8AAB900AA4404 /* Build configuration list for PBXNativeTarget "GPUWindow (macOS)" */ = {
			isa = XCConfigurationList;
			buildConfigurations = (
				F158F3A927E8AAB900AA4404 /* Debug */,
				F158F3AA27E8AAB900AA4404 /* Release */,
			);
			defaultConfigurationIsVisible = 0;
			defaultConfigurationName = Release;
		};
/* End XCConfigurationList section */

/* Begin XCRemoteSwiftPackageReference section */
		F11341C027EAB9FC00E3F9E9 /* XCRemoteSwiftPackageReference "swift-nio" */ = {
			isa = XCRemoteSwiftPackageReference;
			repositoryURL = "https://github.com/apple/swift-nio.git";
			requirement = {
				kind = upToNextMajorVersion;
				minimumVersion = 2.0.0;
			};
		};
/* End XCRemoteSwiftPackageReference section */

/* Begin XCSwiftPackageProductDependency section */
		F11341C127EAB9FC00E3F9E9 /* NIO */ = {
			isa = XCSwiftPackageProductDependency;
			package = F11341C027EAB9FC00E3F9E9 /* XCRemoteSwiftPackageReference "swift-nio" */;
			productName = NIO;
		};
		F11341C327EAB9FC00E3F9E9 /* NIOConcurrencyHelpers */ = {
			isa = XCSwiftPackageProductDependency;
			package = F11341C027EAB9FC00E3F9E9 /* XCRemoteSwiftPackageReference "swift-nio" */;
			productName = NIOConcurrencyHelpers;
		};
		F11341C527EAB9FC00E3F9E9 /* NIOCore */ = {
			isa = XCSwiftPackageProductDependency;
			package = F11341C027EAB9FC00E3F9E9 /* XCRemoteSwiftPackageReference "swift-nio" */;
			productName = NIOCore;
		};
		F11341C727EAB9FC00E3F9E9 /* NIOEmbedded */ = {
			isa = XCSwiftPackageProductDependency;
			package = F11341C027EAB9FC00E3F9E9 /* XCRemoteSwiftPackageReference "swift-nio" */;
			productName = NIOEmbedded;
		};
		F11341C927EAB9FC00E3F9E9 /* NIOFoundationCompat */ = {
			isa = XCSwiftPackageProductDependency;
			package = F11341C027EAB9FC00E3F9E9 /* XCRemoteSwiftPackageReference "swift-nio" */;
			productName = NIOFoundationCompat;
		};
		F11341CB27EAB9FC00E3F9E9 /* NIOHTTP1 */ = {
			isa = XCSwiftPackageProductDependency;
			package = F11341C027EAB9FC00E3F9E9 /* XCRemoteSwiftPackageReference "swift-nio" */;
			productName = NIOHTTP1;
		};
		F11341CD27EAB9FC00E3F9E9 /* NIOPosix */ = {
			isa = XCSwiftPackageProductDependency;
			package = F11341C027EAB9FC00E3F9E9 /* XCRemoteSwiftPackageReference "swift-nio" */;
			productName = NIOPosix;
		};
		F11341CF27EAB9FC00E3F9E9 /* NIOTLS */ = {
			isa = XCSwiftPackageProductDependency;
			package = F11341C027EAB9FC00E3F9E9 /* XCRemoteSwiftPackageReference "swift-nio" */;
			productName = NIOTLS;
		};
		F11341D127EAB9FC00E3F9E9 /* NIOTestUtils */ = {
			isa = XCSwiftPackageProductDependency;
			package = F11341C027EAB9FC00E3F9E9 /* XCRemoteSwiftPackageReference "swift-nio" */;
			productName = NIOTestUtils;
		};
		F11341D327EAB9FC00E3F9E9 /* NIOWebSocket */ = {
			isa = XCSwiftPackageProductDependency;
			package = F11341C027EAB9FC00E3F9E9 /* XCRemoteSwiftPackageReference "swift-nio" */;
			productName = NIOWebSocket;
		};
		F11341D527EAB9FC00E3F9E9 /* _NIOConcurrency */ = {
			isa = XCSwiftPackageProductDependency;
			package = F11341C027EAB9FC00E3F9E9 /* XCRemoteSwiftPackageReference "swift-nio" */;
			productName = _NIOConcurrency;
		};
		F11341E427EAC7BA00E3F9E9 /* NIO */ = {
			isa = XCSwiftPackageProductDependency;
			package = F11341C027EAB9FC00E3F9E9 /* XCRemoteSwiftPackageReference "swift-nio" */;
			productName = NIO;
		};
		F1C62CCD27EAC8850005CAB5 /* NIO */ = {
			isa = XCSwiftPackageProductDependency;
			package = F11341C027EAB9FC00E3F9E9 /* XCRemoteSwiftPackageReference "swift-nio" */;
			productName = NIO;
		};
		F1C62CCF27EAC8850005CAB5 /* NIOConcurrencyHelpers */ = {
			isa = XCSwiftPackageProductDependency;
			package = F11341C027EAB9FC00E3F9E9 /* XCRemoteSwiftPackageReference "swift-nio" */;
			productName = NIOConcurrencyHelpers;
		};
		F1C62CD127EAC8850005CAB5 /* NIOCore */ = {
			isa = XCSwiftPackageProductDependency;
			package = F11341C027EAB9FC00E3F9E9 /* XCRemoteSwiftPackageReference "swift-nio" */;
			productName = NIOCore;
		};
		F1C62CD327EAC8850005CAB5 /* NIOEmbedded */ = {
			isa = XCSwiftPackageProductDependency;
			package = F11341C027EAB9FC00E3F9E9 /* XCRemoteSwiftPackageReference "swift-nio" */;
			productName = NIOEmbedded;
		};
		F1C62CD527EAC8850005CAB5 /* NIOFoundationCompat */ = {
			isa = XCSwiftPackageProductDependency;
			package = F11341C027EAB9FC00E3F9E9 /* XCRemoteSwiftPackageReference "swift-nio" */;
			productName = NIOFoundationCompat;
		};
		F1C62CD727EAC8850005CAB5 /* NIOHTTP1 */ = {
			isa = XCSwiftPackageProductDependency;
			package = F11341C027EAB9FC00E3F9E9 /* XCRemoteSwiftPackageReference "swift-nio" */;
			productName = NIOHTTP1;
		};
		F1C62CD927EAC8850005CAB5 /* NIOPosix */ = {
			isa = XCSwiftPackageProductDependency;
			package = F11341C027EAB9FC00E3F9E9 /* XCRemoteSwiftPackageReference "swift-nio" */;
			productName = NIOPosix;
		};
		F1C62CDB27EAC8850005CAB5 /* NIOTLS */ = {
			isa = XCSwiftPackageProductDependency;
			package = F11341C027EAB9FC00E3F9E9 /* XCRemoteSwiftPackageReference "swift-nio" */;
			productName = NIOTLS;
		};
		F1C62CDD27EAC8850005CAB5 /* NIOTestUtils */ = {
			isa = XCSwiftPackageProductDependency;
			package = F11341C027EAB9FC00E3F9E9 /* XCRemoteSwiftPackageReference "swift-nio" */;
			productName = NIOTestUtils;
		};
		F1C62CDF27EAC8850005CAB5 /* NIOWebSocket */ = {
			isa = XCSwiftPackageProductDependency;
			package = F11341C027EAB9FC00E3F9E9 /* XCRemoteSwiftPackageReference "swift-nio" */;
			productName = NIOWebSocket;
		};
		F1C62CE127EAC8850005CAB5 /* _NIOConcurrency */ = {
			isa = XCSwiftPackageProductDependency;
			package = F11341C027EAB9FC00E3F9E9 /* XCRemoteSwiftPackageReference "swift-nio" */;
			productName = _NIOConcurrency;
		};
		F1C62CE327EAC8B10005CAB5 /* NIO */ = {
			isa = XCSwiftPackageProductDependency;
			package = F11341C027EAB9FC00E3F9E9 /* XCRemoteSwiftPackageReference "swift-nio" */;
			productName = NIO;
		};
/* End XCSwiftPackageProductDependency section */
	};
	rootObject = F158F38827E8AAB300AA4404 /* Project object */;
}
